
Microsoft Visual Studio Solution File, Format Version 12.00
# Visual Studio Version 16
VisualStudioVersion = 16.0.29123.88
MinimumVisualStudioVersion = 10.0.40219.1
Project("{FAE04EC0-301F-11D3-BF4B-00C04F79EFBC}") = "Synchronization.ESAS.WS", "Synchronization.ESAS.WS\Synchronization.ESAS.WS.csproj", "{08D61C80-56B0-4805-8DA6-A045E722AF12}"
EndProject
Project("{FAE04EC0-301F-11D3-BF4B-00C04F79EFBC}") = "Synchronization.ESAS.DAL", "Synchronization.ESAS.DAL\Synchronization.ESAS.DAL.csproj", "{69B5876B-50CF-4C82-A1C5-DEE38EA73883}"
EndProject
Project("{FAE04EC0-301F-11D3-BF4B-00C04F79EFBC}") = "Synchronization.ESAS", "Synchronization.ESAS\Synchronization.ESAS.csproj", "{E47D1891-D993-431C-BBE0-190D9236023E}"
EndProject
Global
	GlobalSection(SolutionConfigurationPlatforms) = preSolution
		Debug|Any CPU = Debug|Any CPU
		Release|Any CPU = Release|Any CPU
	EndGlobalSection
	GlobalSection(ProjectConfigurationPlatforms) = postSolution
		{08D61C80-56B0-4805-8DA6-A045E722AF12}.Debug|Any CPU.ActiveCfg = Debug|Any CPU
		{08D61C80-56B0-4805-8DA6-A045E722AF12}.Debug|Any CPU.Build.0 = Debug|Any CPU
		{08D61C80-56B0-4805-8DA6-A045E722AF12}.Release|Any CPU.ActiveCfg = Release|Any CPU
		{08D61C80-56B0-4805-8DA6-A045E722AF12}.Release|Any CPU.Build.0 = Release|Any CPU
		{69B5876B-50CF-4C82-A1C5-DEE38EA73883}.Debug|Any CPU.ActiveCfg = Debug|Any CPU
		{69B5876B-50CF-4C82-A1C5-DEE38EA73883}.Debug|Any CPU.Build.0 = Debug|Any CPU
		{69B5876B-50CF-4C82-A1C5-DEE38EA73883}.Release|Any CPU.ActiveCfg = Release|Any CPU
		{69B5876B-50CF-4C82-A1C5-DEE38EA73883}.Release|Any CPU.Build.0 = Release|Any CPU
		{E47D1891-D993-431C-BBE0-190D9236023E}.Debug|Any CPU.ActiveCfg = Debug|Any CPU
		{E47D1891-D993-431C-BBE0-190D9236023E}.Debug|Any CPU.Build.0 = Debug|Any CPU
		{E47D1891-D993-431C-BBE0-190D9236023E}.Release|Any CPU.ActiveCfg = Release|Any CPU
		{E47D1891-D993-431C-BBE0-190D9236023E}.Release|Any CPU.Build.0 = Release|Any CPU
	EndGlobalSection
	GlobalSection(SolutionProperties) = preSolution
		HideSolutionNode = FALSE
	EndGlobalSection
	GlobalSection(ExtensibilityGlobals) = postSolution
		SolutionGuid = {1F4A2509-A3EE-4E01-86A3-B2E7194FE134}
	EndGlobalSection
EndGlobal
